// !$*UTF8*$!
{
	archiveVersion = 1;
	classes = {
	};
	objectVersion = 50;
	objects = {

/* Begin PBXBuildFile section */
		A50EE3372378103C00C1D7B2 /* AppDelegate.swift in Sources */ = {isa = PBXBuildFile; fileRef = A50EE3362378103C00C1D7B2 /* AppDelegate.swift */; };
		A50EE3392378103C00C1D7B2 /* SceneDelegate.swift in Sources */ = {isa = PBXBuildFile; fileRef = A50EE3382378103C00C1D7B2 /* SceneDelegate.swift */; };
		A50EE33B2378103C00C1D7B2 /* ViewController.swift in Sources */ = {isa = PBXBuildFile; fileRef = A50EE33A2378103C00C1D7B2 /* ViewController.swift */; };
		A50EE33E2378103C00C1D7B2 /* Main.storyboard in Resources */ = {isa = PBXBuildFile; fileRef = A50EE33C2378103C00C1D7B2 /* Main.storyboard */; };
		A50EE3402378103F00C1D7B2 /* Assets.xcassets in Resources */ = {isa = PBXBuildFile; fileRef = A50EE33F2378103F00C1D7B2 /* Assets.xcassets */; };
		A50EE3432378103F00C1D7B2 /* LaunchScreen.storyboard in Resources */ = {isa = PBXBuildFile; fileRef = A50EE3412378103F00C1D7B2 /* LaunchScreen.storyboard */; };
		A50EE34E2378103F00C1D7B2 /* iOSTests.swift in Sources */ = {isa = PBXBuildFile; fileRef = A50EE34D2378103F00C1D7B2 /* iOSTests.swift */; };
		A50EE3592378103F00C1D7B2 /* iOSUITests.swift in Sources */ = {isa = PBXBuildFile; fileRef = A50EE3582378103F00C1D7B2 /* iOSUITests.swift */; };
		A50EE37723782D9100C1D7B2 /* common.framework in Frameworks */ = {isa = PBXBuildFile; fileRef = A50EE37623782D9100C1D7B2 /* common.framework */; };
		A50EE37823782DEA00C1D7B2 /* common.framework in Embed Frameworks */ = {isa = PBXBuildFile; fileRef = A50EE37623782D9100C1D7B2 /* common.framework */; settings = {ATTRIBUTES = (RemoveHeadersOnCopy, ); }; };
/* End PBXBuildFile section */

/* Begin PBXContainerItemProxy section */
		A50EE34A2378103F00C1D7B2 /* PBXContainerItemProxy */ = {
			isa = PBXContainerItemProxy;
			containerPortal = A50EE32B2378103C00C1D7B2 /* Project object */;
			proxyType = 1;
			remoteGlobalIDString = A50EE3322378103C00C1D7B2;
			remoteInfo = iOS;
		};
		A50EE3552378103F00C1D7B2 /* PBXContainerItemProxy */ = {
			isa = PBXContainerItemProxy;
			containerPortal = A50EE32B2378103C00C1D7B2 /* Project object */;
			proxyType = 1;
			remoteGlobalIDString = A50EE3322378103C00C1D7B2;
			remoteInfo = iOS;
		};
/* End PBXContainerItemProxy section */

/* Begin PBXCopyFilesBuildPhase section */
		A50EE36C2378227B00C1D7B2 /* Embed Frameworks */ = {
			isa = PBXCopyFilesBuildPhase;
			buildActionMask = 2147483647;
			dstPath = "";
			dstSubfolderSpec = 10;
			files = (
				A50EE37823782DEA00C1D7B2 /* common.framework in Embed Frameworks */,
			);
			name = "Embed Frameworks";
			runOnlyForDeploymentPostprocessing = 0;
		};
/* End PBXCopyFilesBuildPhase section */

/* Begin PBXFileReference section */
		A50EE3332378103C00C1D7B2 /* iOS.app */ = {isa = PBXFileReference; explicitFileType = wrapper.application; includeInIndex = 0; path = iOS.app; sourceTree = BUILT_PRODUCTS_DIR; };
		A50EE3362378103C00C1D7B2 /* AppDelegate.swift */ = {isa = PBXFileReference; lastKnownFileType = sourcecode.swift; path = AppDelegate.swift; sourceTree = "<group>"; };
		A50EE3382378103C00C1D7B2 /* SceneDelegate.swift */ = {isa = PBXFileReference; lastKnownFileType = sourcecode.swift; path = SceneDelegate.swift; sourceTree = "<group>"; };
		A50EE33A2378103C00C1D7B2 /* ViewController.swift */ = {isa = PBXFileReference; lastKnownFileType = sourcecode.swift; path = ViewController.swift; sourceTree = "<group>"; };
		A50EE33D2378103C00C1D7B2 /* Base */ = {isa = PBXFileReference; lastKnownFileType = file.storyboard; name = Base; path = Base.lproj/Main.storyboard; sourceTree = "<group>"; };
		A50EE33F2378103F00C1D7B2 /* Assets.xcassets */ = {isa = PBXFileReference; lastKnownFileType = folder.assetcatalog; path = Assets.xcassets; sourceTree = "<group>"; };
		A50EE3422378103F00C1D7B2 /* Base */ = {isa = PBXFileReference; lastKnownFileType = file.storyboard; name = Base; path = Base.lproj/LaunchScreen.storyboard; sourceTree = "<group>"; };
		A50EE3442378103F00C1D7B2 /* Info.plist */ = {isa = PBXFileReference; lastKnownFileType = text.plist.xml; path = Info.plist; sourceTree = "<group>"; };
		A50EE3492378103F00C1D7B2 /* iOSTests.xctest */ = {isa = PBXFileReference; explicitFileType = wrapper.cfbundle; includeInIndex = 0; path = iOSTests.xctest; sourceTree = BUILT_PRODUCTS_DIR; };
		A50EE34D2378103F00C1D7B2 /* iOSTests.swift */ = {isa = PBXFileReference; lastKnownFileType = sourcecode.swift; path = iOSTests.swift; sourceTree = "<group>"; };
		A50EE34F2378103F00C1D7B2 /* Info.plist */ = {isa = PBXFileReference; lastKnownFileType = text.plist.xml; path = Info.plist; sourceTree = "<group>"; };
		A50EE3542378103F00C1D7B2 /* iOSUITests.xctest */ = {isa = PBXFileReference; explicitFileType = wrapper.cfbundle; includeInIndex = 0; path = iOSUITests.xctest; sourceTree = BUILT_PRODUCTS_DIR; };
		A50EE3582378103F00C1D7B2 /* iOSUITests.swift */ = {isa = PBXFileReference; lastKnownFileType = sourcecode.swift; path = iOSUITests.swift; sourceTree = "<group>"; };
		A50EE35A2378103F00C1D7B2 /* Info.plist */ = {isa = PBXFileReference; lastKnownFileType = text.plist.xml; path = Info.plist; sourceTree = "<group>"; };
		A50EE37623782D9100C1D7B2 /* common.framework */ = {isa = PBXFileReference; lastKnownFileType = wrapper.framework; path = common.framework; sourceTree = "<group>"; };
/* End PBXFileReference section */

/* Begin PBXFrameworksBuildPhase section */
		A50EE3302378103C00C1D7B2 /* Frameworks */ = {
			isa = PBXFrameworksBuildPhase;
			buildActionMask = 2147483647;
			files = (
				A50EE37723782D9100C1D7B2 /* common.framework in Frameworks */,
			);
			runOnlyForDeploymentPostprocessing = 0;
		};
		A50EE3462378103F00C1D7B2 /* Frameworks */ = {
			isa = PBXFrameworksBuildPhase;
			buildActionMask = 2147483647;
			files = (
			);
			runOnlyForDeploymentPostprocessing = 0;
		};
		A50EE3512378103F00C1D7B2 /* Frameworks */ = {
			isa = PBXFrameworksBuildPhase;
			buildActionMask = 2147483647;
			files = (
			);
			runOnlyForDeploymentPostprocessing = 0;
		};
/* End PBXFrameworksBuildPhase section */

/* Begin PBXGroup section */
		A50EE32A2378103C00C1D7B2 = {
			isa = PBXGroup;
			children = (
				A50EE37623782D9100C1D7B2 /* common.framework */,
				A50EE3352378103C00C1D7B2 /* iOS */,
				A50EE34C2378103F00C1D7B2 /* iOSTests */,
				A50EE3572378103F00C1D7B2 /* iOSUITests */,
				A50EE3342378103C00C1D7B2 /* Products */,
			);
			sourceTree = "<group>";
		};
		A50EE3342378103C00C1D7B2 /* Products */ = {
			isa = PBXGroup;
			children = (
				A50EE3332378103C00C1D7B2 /* iOS.app */,
				A50EE3492378103F00C1D7B2 /* iOSTests.xctest */,
				A50EE3542378103F00C1D7B2 /* iOSUITests.xctest */,
			);
			name = Products;
			sourceTree = "<group>";
		};
		A50EE3352378103C00C1D7B2 /* iOS */ = {
			isa = PBXGroup;
			children = (
				A50EE3362378103C00C1D7B2 /* AppDelegate.swift */,
				A50EE3382378103C00C1D7B2 /* SceneDelegate.swift */,
				A50EE33A2378103C00C1D7B2 /* ViewController.swift */,
				A50EE33C2378103C00C1D7B2 /* Main.storyboard */,
				A50EE33F2378103F00C1D7B2 /* Assets.xcassets */,
				A50EE3412378103F00C1D7B2 /* LaunchScreen.storyboard */,
				A50EE3442378103F00C1D7B2 /* Info.plist */,
			);
			path = iOS;
			sourceTree = "<group>";
		};
		A50EE34C2378103F00C1D7B2 /* iOSTests */ = {
			isa = PBXGroup;
			children = (
				A50EE34D2378103F00C1D7B2 /* iOSTests.swift */,
				A50EE34F2378103F00C1D7B2 /* Info.plist */,
			);
			path = iOSTests;
			sourceTree = "<group>";
		};
		A50EE3572378103F00C1D7B2 /* iOSUITests */ = {
			isa = PBXGroup;
			children = (
				A50EE3582378103F00C1D7B2 /* iOSUITests.swift */,
				A50EE35A2378103F00C1D7B2 /* Info.plist */,
			);
			path = iOSUITests;
			sourceTree = "<group>";
		};
/* End PBXGroup section */

/* Begin PBXNativeTarget section */
		A50EE3322378103C00C1D7B2 /* iOS */ = {
			isa = PBXNativeTarget;
			buildConfigurationList = A50EE35D2378103F00C1D7B2 /* Build configuration list for PBXNativeTarget "iOS" */;
			buildPhases = (
				A50EE37523782B8500C1D7B2 /* ShellScript */,
				A50EE32F2378103C00C1D7B2 /* Sources */,
				A50EE3302378103C00C1D7B2 /* Frameworks */,
				A50EE3312378103C00C1D7B2 /* Resources */,
				A50EE36C2378227B00C1D7B2 /* Embed Frameworks */,
			);
			buildRules = (
			);
			dependencies = (
			);
			name = iOS;
			productName = iOS;
			productReference = A50EE3332378103C00C1D7B2 /* iOS.app */;
			productType = "com.apple.product-type.application";
		};
		A50EE3482378103F00C1D7B2 /* iOSTests */ = {
			isa = PBXNativeTarget;
			buildConfigurationList = A50EE3602378103F00C1D7B2 /* Build configuration list for PBXNativeTarget "iOSTests" */;
			buildPhases = (
				A50EE3452378103F00C1D7B2 /* Sources */,
				A50EE3462378103F00C1D7B2 /* Frameworks */,
				A50EE3472378103F00C1D7B2 /* Resources */,
			);
			buildRules = (
			);
			dependencies = (
				A50EE34B2378103F00C1D7B2 /* PBXTargetDependency */,
			);
			name = iOSTests;
			productName = iOSTests;
			productReference = A50EE3492378103F00C1D7B2 /* iOSTests.xctest */;
			productType = "com.apple.product-type.bundle.unit-test";
		};
		A50EE3532378103F00C1D7B2 /* iOSUITests */ = {
			isa = PBXNativeTarget;
			buildConfigurationList = A50EE3632378103F00C1D7B2 /* Build configuration list for PBXNativeTarget "iOSUITests" */;
			buildPhases = (
				A50EE3502378103F00C1D7B2 /* Sources */,
				A50EE3512378103F00C1D7B2 /* Frameworks */,
				A50EE3522378103F00C1D7B2 /* Resources */,
			);
			buildRules = (
			);
			dependencies = (
				A50EE3562378103F00C1D7B2 /* PBXTargetDependency */,
			);
			name = iOSUITests;
			productName = iOSUITests;
			productReference = A50EE3542378103F00C1D7B2 /* iOSUITests.xctest */;
			productType = "com.apple.product-type.bundle.ui-testing";
		};
/* End PBXNativeTarget section */

/* Begin PBXProject section */
		A50EE32B2378103C00C1D7B2 /* Project object */ = {
			isa = PBXProject;
			attributes = {
				LastSwiftUpdateCheck = 1120;
				LastUpgradeCheck = 1120;
				ORGANIZATIONNAME = NoorifyTech;
				TargetAttributes = {
					A50EE3322378103C00C1D7B2 = {
						CreatedOnToolsVersion = 11.2;
					};
					A50EE3482378103F00C1D7B2 = {
						CreatedOnToolsVersion = 11.2;
						TestTargetID = A50EE3322378103C00C1D7B2;
					};
					A50EE3532378103F00C1D7B2 = {
						CreatedOnToolsVersion = 11.2;
						TestTargetID = A50EE3322378103C00C1D7B2;
					};
				};
			};
			buildConfigurationList = A50EE32E2378103C00C1D7B2 /* Build configuration list for PBXProject "iOS" */;
			compatibilityVersion = "Xcode 9.3";
			developmentRegion = en;
			hasScannedForEncodings = 0;
			knownRegions = (
				en,
				Base,
			);
			mainGroup = A50EE32A2378103C00C1D7B2;
			productRefGroup = A50EE3342378103C00C1D7B2 /* Products */;
			projectDirPath = "";
			projectRoot = "";
			targets = (
				A50EE3322378103C00C1D7B2 /* iOS */,
				A50EE3482378103F00C1D7B2 /* iOSTests */,
				A50EE3532378103F00C1D7B2 /* iOSUITests */,
			);
		};
/* End PBXProject section */

/* Begin PBXResourcesBuildPhase section */
		A50EE3312378103C00C1D7B2 /* Resources */ = {
			isa = PBXResourcesBuildPhase;
			buildActionMask = 2147483647;
			files = (
				A50EE3432378103F00C1D7B2 /* LaunchScreen.storyboard in Resources */,
				A50EE3402378103F00C1D7B2 /* Assets.xcassets in Resources */,
				A50EE33E2378103C00C1D7B2 /* Main.storyboard in Resources */,
			);
			runOnlyForDeploymentPostprocessing = 0;
		};
		A50EE3472378103F00C1D7B2 /* Resources */ = {
			isa = PBXResourcesBuildPhase;
			buildActionMask = 2147483647;
			files = (
			);
			runOnlyForDeploymentPostprocessing = 0;
		};
		A50EE3522378103F00C1D7B2 /* Resources */ = {
			isa = PBXResourcesBuildPhase;
			buildActionMask = 2147483647;
			files = (
			);
			runOnlyForDeploymentPostprocessing = 0;
		};
/* End PBXResourcesBuildPhase section */

/* Begin PBXShellScriptBuildPhase section */
		A50EE37523782B8500C1D7B2 /* ShellScript */ = {
			isa = PBXShellScriptBuildPhase;
			buildActionMask = 2147483647;
			files = (
			);
			inputFileListPaths = (
			);
			inputPaths = (
			);
			outputFileListPaths = (
			);
			outputPaths = (
			);
			runOnlyForDeploymentPostprocessing = 0;
			shellPath = /bin/sh;
			shellScript = "
";
		};
/* End PBXShellScriptBuildPhase section */

/* Begin PBXSourcesBuildPhase section */
		A50EE32F2378103C00C1D7B2 /* Sources */ = {
			isa = PBXSourcesBuildPhase;
			buildActionMask = 2147483647;
			files = (
				A50EE33B2378103C00C1D7B2 /* ViewController.swift in Sources */,
				A50EE3372378103C00C1D7B2 /* AppDelegate.swift in Sources */,
				A50EE3392378103C00C1D7B2 /* SceneDelegate.swift in Sources */,
			);
			runOnlyForDeploymentPostprocessing = 0;
		};
		A50EE3452378103F00C1D7B2 /* Sources */ = {
			isa = PBXSourcesBuildPhase;
			buildActionMask = 2147483647;
			files = (
				A50EE34E2378103F00C1D7B2 /* iOSTests.swift in Sources */,
			);
			runOnlyForDeploymentPostprocessing = 0;
		};
		A50EE3502378103F00C1D7B2 /* Sources */ = {
			isa = PBXSourcesBuildPhase;
			buildActionMask = 2147483647;
			files = (
				A50EE3592378103F00C1D7B2 /* iOSUITests.swift in Sources */,
			);
			runOnlyForDeploymentPostprocessing = 0;
		};
/* End PBXSourcesBuildPhase section */

/* Begin PBXTargetDependency section */
		A50EE34B2378103F00C1D7B2 /* PBXTargetDependency */ = {
			isa = PBXTargetDependency;
			target = A50EE3322378103C00C1D7B2 /* iOS */;
			targetProxy = A50EE34A2378103F00C1D7B2 /* PBXContainerItemProxy */;
		};
		A50EE3562378103F00C1D7B2 /* PBXTargetDependency */ = {
			isa = PBXTargetDependency;
			target = A50EE3322378103C00C1D7B2 /* iOS */;
			targetProxy = A50EE3552378103F00C1D7B2 /* PBXContainerItemProxy */;
		};
/* End PBXTargetDependency section */

/* Begin PBXVariantGroup section */
		A50EE33C2378103C00C1D7B2 /* Main.storyboard */ = {
			isa = PBXVariantGroup;
			children = (
				A50EE33D2378103C00C1D7B2 /* Base */,
			);
			name = Main.storyboard;
			sourceTree = "<group>";
		};
		A50EE3412378103F00C1D7B2 /* LaunchScreen.storyboard */ = {
			isa = PBXVariantGroup;
			children = (
				A50EE3422378103F00C1D7B2 /* Base */,
			);
			name = LaunchScreen.storyboard;
			sourceTree = "<group>";
		};
/* End PBXVariantGroup section */

/* Begin XCBuildConfiguration section */
		A50EE35B2378103F00C1D7B2 /* Debug */ = {
			isa = XCBuildConfiguration;
			buildSettings = {
				ALWAYS_SEARCH_USER_PATHS = NO;
				ARCHS = "$(ARCHS_STANDARD)";
				CLANG_ANALYZER_NONNULL = YES;
				CLANG_ANALYZER_NUMBER_OBJECT_CONVERSION = YES_AGGRESSIVE;
				CLANG_CXX_LANGUAGE_STANDARD = "gnu++14";
				CLANG_CXX_LIBRARY = "libc++";
				CLANG_ENABLE_MODULES = YES;
				CLANG_ENABLE_OBJC_ARC = YES;
				CLANG_ENABLE_OBJC_WEAK = YES;
				CLANG_WARN_BLOCK_CAPTURE_AUTORELEASING = YES;
				CLANG_WARN_BOOL_CONVERSION = YES;
				CLANG_WARN_COMMA = YES;
				CLANG_WARN_CONSTANT_CONVERSION = YES;
				CLANG_WARN_DEPRECATED_OBJC_IMPLEMENTATIONS = YES;
				CLANG_WARN_DIRECT_OBJC_ISA_USAGE = YES_ERROR;
				CLANG_WARN_DOCUMENTATION_COMMENTS = YES;
				CLANG_WARN_EMPTY_BODY = YES;
				CLANG_WARN_ENUM_CONVERSION = YES;
				CLANG_WARN_INFINITE_RECURSION = YES;
				CLANG_WARN_INT_CONVERSION = YES;
				CLANG_WARN_NON_LITERAL_NULL_CONVERSION = YES;
				CLANG_WARN_OBJC_IMPLICIT_RETAIN_SELF = YES;
				CLANG_WARN_OBJC_LITERAL_CONVERSION = YES;
				CLANG_WARN_OBJC_ROOT_CLASS = YES_ERROR;
				CLANG_WARN_RANGE_LOOP_ANALYSIS = YES;
				CLANG_WARN_STRICT_PROTOTYPES = YES;
				CLANG_WARN_SUSPICIOUS_MOVE = YES;
				CLANG_WARN_UNGUARDED_AVAILABILITY = YES_AGGRESSIVE;
				CLANG_WARN_UNREACHABLE_CODE = YES;
				CLANG_WARN__DUPLICATE_METHOD_MATCH = YES;
				COPY_PHASE_STRIP = NO;
				DEBUG_INFORMATION_FORMAT = dwarf;
				ENABLE_STRICT_OBJC_MSGSEND = YES;
				ENABLE_TESTABILITY = YES;
				GCC_C_LANGUAGE_STANDARD = gnu11;
				GCC_DYNAMIC_NO_PIC = NO;
				GCC_NO_COMMON_BLOCKS = YES;
				GCC_OPTIMIZATION_LEVEL = 0;
				GCC_PREPROCESSOR_DEFINITIONS = (
					"DEBUG=1",
					"$(inherited)",
				);
				GCC_WARN_64_TO_32_BIT_CONVERSION = YES;
				GCC_WARN_ABOUT_RETURN_TYPE = YES_ERROR;
				GCC_WARN_UNDECLARED_SELECTOR = YES;
				GCC_WARN_UNINITIALIZED_AUTOS = YES_AGGRESSIVE;
				GCC_WARN_UNUSED_FUNCTION = YES;
				GCC_WARN_UNUSED_VARIABLE = YES;
				IPHONEOS_DEPLOYMENT_TARGET = 13.2;
				MTL_ENABLE_DEBUG_INFO = INCLUDE_SOURCE;
				MTL_FAST_MATH = YES;
				ONLY_ACTIVE_ARCH = YES;
				SDKROOT = iphoneos;
				SWIFT_ACTIVE_COMPILATION_CONDITIONS = DEBUG;
				SWIFT_OPTIMIZATION_LEVEL = "-Onone";
			};
			name = Debug;
		};
		A50EE35C2378103F00C1D7B2 /* Release */ = {
			isa = XCBuildConfiguration;
			buildSettings = {
				ALWAYS_SEARCH_USER_PATHS = NO;
				ARCHS = "$(ARCHS_STANDARD)";
				CLANG_ANALYZER_NONNULL = YES;
				CLANG_ANALYZER_NUMBER_OBJECT_CONVERSION = YES_AGGRESSIVE;
				CLANG_CXX_LANGUAGE_STANDARD = "gnu++14";
				CLANG_CXX_LIBRARY = "libc++";
				CLANG_ENABLE_MODULES = YES;
				CLANG_ENABLE_OBJC_ARC = YES;
				CLANG_ENABLE_OBJC_WEAK = YES;
				CLANG_WARN_BLOCK_CAPTURE_AUTORELEASING = YES;
				CLANG_WARN_BOOL_CONVERSION = YES;
				CLANG_WARN_COMMA = YES;
				CLANG_WARN_CONSTANT_CONVERSION = YES;
				CLANG_WARN_DEPRECATED_OBJC_IMPLEMENTATIONS = YES;
				CLANG_WARN_DIRECT_OBJC_ISA_USAGE = YES_ERROR;
				CLANG_WARN_DOCUMENTATION_COMMENTS = YES;
				CLANG_WARN_EMPTY_BODY = YES;
				CLANG_WARN_ENUM_CONVERSION = YES;
				CLANG_WARN_INFINITE_RECURSION = YES;
				CLANG_WARN_INT_CONVERSION = YES;
				CLANG_WARN_NON_LITERAL_NULL_CONVERSION = YES;
				CLANG_WARN_OBJC_IMPLICIT_RETAIN_SELF = YES;
				CLANG_WARN_OBJC_LITERAL_CONVERSION = YES;
				CLANG_WARN_OBJC_ROOT_CLASS = YES_ERROR;
				CLANG_WARN_RANGE_LOOP_ANALYSIS = YES;
				CLANG_WARN_STRICT_PROTOTYPES = YES;
				CLANG_WARN_SUSPICIOUS_MOVE = YES;
				CLANG_WARN_UNGUARDED_AVAILABILITY = YES_AGGRESSIVE;
				CLANG_WARN_UNREACHABLE_CODE = YES;
				CLANG_WARN__DUPLICATE_METHOD_MATCH = YES;
				COPY_PHASE_STRIP = NO;
				DEBUG_INFORMATION_FORMAT = "dwarf-with-dsym";
				ENABLE_NS_ASSERTIONS = NO;
				ENABLE_STRICT_OBJC_MSGSEND = YES;
				GCC_C_LANGUAGE_STANDARD = gnu11;
				GCC_NO_COMMON_BLOCKS = YES;
				GCC_WARN_64_TO_32_BIT_CONVERSION = YES;
				GCC_WARN_ABOUT_RETURN_TYPE = YES_ERROR;
				GCC_WARN_UNDECLARED_SELECTOR = YES;
				GCC_WARN_UNINITIALIZED_AUTOS = YES_AGGRESSIVE;
				GCC_WARN_UNUSED_FUNCTION = YES;
				GCC_WARN_UNUSED_VARIABLE = YES;
				IPHONEOS_DEPLOYMENT_TARGET = 13.2;
				MTL_ENABLE_DEBUG_INFO = NO;
				MTL_FAST_MATH = YES;
				SDKROOT = iphoneos;
				SWIFT_COMPILATION_MODE = wholemodule;
				SWIFT_OPTIMIZATION_LEVEL = "-O";
				VALIDATE_PRODUCT = YES;
			};
			name = Release;
		};
		A50EE35E2378103F00C1D7B2 /* Debug */ = {
			isa = XCBuildConfiguration;
			buildSettings = {
				ARCHS = "$(ARCHS_STANDARD)";
				ASSETCATALOG_COMPILER_APPICON_NAME = AppIcon;
				CODE_SIGN_STYLE = Automatic;
				FRAMEWORK_SEARCH_PATHS = (
					"$(inherited)",
					"$(PROJECT_DIR)",
				);
				INFOPLIST_FILE = iOS/Info.plist;
				LD_RUNPATH_SEARCH_PATHS = (
					"$(inherited)",
					"@executable_path/Frameworks",
				);
				PRODUCT_BUNDLE_IDENTIFIER = com.noorifytech.iOS;
				PRODUCT_NAME = "$(TARGET_NAME)";
				SWIFT_VERSION = 5.0;
				TARGETED_DEVICE_FAMILY = "1,2";
			};
			name = Debug;
		};
		A50EE35F2378103F00C1D7B2 /* Release */ = {
			isa = XCBuildConfiguration;
			buildSettings = {
				ARCHS = "$(ARCHS_STANDARD)";
				ASSETCATALOG_COMPILER_APPICON_NAME = AppIcon;
				CODE_SIGN_STYLE = Automatic;
				FRAMEWORK_SEARCH_PATHS = (
					"$(inherited)",
					"$(PROJECT_DIR)",
				);
				INFOPLIST_FILE = iOS/Info.plist;
				LD_RUNPATH_SEARCH_PATHS = (
					"$(inherited)",
					"@executable_path/Frameworks",
				);
				PRODUCT_BUNDLE_IDENTIFIER = com.noorifytech.iOS;
				PRODUCT_NAME = "$(TARGET_NAME)";
				SWIFT_VERSION = 5.0;
				TARGETED_DEVICE_FAMILY = "1,2";
			};
			name = Release;
		};
		A50EE3612378103F00C1D7B2 /* Debug */ = {
			isa = XCBuildConfiguration;
			buildSettings = {
				ALWAYS_EMBED_SWIFT_STANDARD_LIBRARIES = YES;
				BUNDLE_LOADER = "$(TEST_HOST)";
				CODE_SIGN_STYLE = Automatic;
				INFOPLIST_FILE = iOSTests/Info.plist;
				IPHONEOS_DEPLOYMENT_TARGET = 13.2;
				LD_RUNPATH_SEARCH_PATHS = (
					"$(inherited)",
					"@executable_path/Frameworks",
					"@loader_path/Frameworks",
				);
				PRODUCT_BUNDLE_IDENTIFIER = com.noorifytech.iOSTests;
				PRODUCT_NAME = "$(TARGET_NAME)";
				SWIFT_VERSION = 5.0;
				TARGETED_DEVICE_FAMILY = "1,2";
				TEST_HOST = "$(BUILT_PRODUCTS_DIR)/iOS.app/iOS";
			};
			name = Debug;
		};
		A50EE3622378103F00C1D7B2 /* Release */ = {
			isa = XCBuildConfiguration;
			buildSettings = {
				ALWAYS_EMBED_SWIFT_STANDARD_LIBRARIES = YES;
				BUNDLE_LOADER = "$(TEST_HOST)";
				CODE_SIGN_STYLE = Automatic;
				INFOPLIST_FILE = iOSTests/Info.plist;
				IPHONEOS_DEPLOYMENT_TARGET = 13.2;
				LD_RUNPATH_SEARCH_PATHS = (
					"$(inherited)",
					"@executable_path/Frameworks",
					"@loader_path/Frameworks",
				);
				PRODUCT_BUNDLE_IDENTIFIER = com.noorifytech.iOSTests;
				PRODUCT_NAME = "$(TARGET_NAME)";
				SWIFT_VERSION = 5.0;
				TARGETED_DEVICE_FAMILY = "1,2";
				TEST_HOST = "$(BUILT_PRODUCTS_DIR)/iOS.app/iOS";
			};
			name = Release;
		};
		A50EE3642378103F00C1D7B2 /* Debug */ = {
			isa = XCBuildConfiguration;
			buildSettings = {
				ALWAYS_EMBED_SWIFT_STANDARD_LIBRARIES = YES;
				CODE_SIGN_STYLE = Automatic;
				INFOPLIST_FILE = iOSUITests/Info.plist;
				LD_RUNPATH_SEARCH_PATHS = (
					"$(inherited)",
					"@executable_path/Frameworks",
					"@loader_path/Frameworks",
				);
				PRODUCT_BUNDLE_IDENTIFIER = com.noorifytech.iOSUITests;
				PRODUCT_NAME = "$(TARGET_NAME)";
				SWIFT_VERSION = 5.0;
				TARGETED_DEVICE_FAMILY = "1,2";
				TEST_TARGET_NAME = iOS;
			};
			name = Debug;
		};
		A50EE3652378103F00C1D7B2 /* Release */ = {
			isa = XCBuildConfiguration;
			buildSettings = {
				ALWAYS_EMBED_SWIFT_STANDARD_LIBRARIES = YES;
				CODE_SIGN_STYLE = Automatic;
				INFOPLIST_FILE = iOSUITests/Info.plist;
				LD_RUNPATH_SEARCH_PATHS = (
					"$(inherited)",
					"@executable_path/Frameworks",
					"@loader_path/Frameworks",
				);
				PRODUCT_BUNDLE_IDENTIFIER = com.noorifytech.iOSUITests;
				PRODUCT_NAME = "$(TARGET_NAME)";
				SWIFT_VERSION = 5.0;
				TARGETED_DEVICE_FAMILY = "1,2";
				TEST_TARGET_NAME = iOS;
			};
			name = Release;
		};
/* End XCBuildConfiguration section */

/* Begin XCConfigurationList section */
		A50EE32E2378103C00C1D7B2 /* Build configuration list for PBXProject "iOS" */ = {
			isa = XCConfigurationList;
			buildConfigurations = (
				A50EE35B2378103F00C1D7B2 /* Debug */,
				A50EE35C2378103F00C1D7B2 /* Release */,
			);
			defaultConfigurationIsVisible = 0;
			defaultConfigurationName = Release;
		};
		A50EE35D2378103F00C1D7B2 /* Build configuration list for PBXNativeTarget "iOS" */ = {
			isa = XCConfigurationList;
			buildConfigurations = (
				A50EE35E2378103F00C1D7B2 /* Debug */,
				A50EE35F2378103F00C1D7B2 /* Release */,
			);
			defaultConfigurationIsVisible = 0;
			defaultConfigurationName = Release;
		};
		A50EE3602378103F00C1D7B2 /* Build configuration list for PBXNativeTarget "iOSTests" */ = {
			isa = XCConfigurationList;
			buildConfigurations = (
				A50EE3612378103F00C1D7B2 /* Debug */,
				A50EE3622378103F00C1D7B2 /* Release */,
			);
			defaultConfigurationIsVisible = 0;
			defaultConfigurationName = Release;
		};
		A50EE3632378103F00C1D7B2 /* Build configuration list for PBXNativeTarget "iOSUITests" */ = {
			isa = XCConfigurationList;
			buildConfigurations = (
				A50EE3642378103F00C1D7B2 /* Debug */,
				A50EE3652378103F00C1D7B2 /* Release */,
			);
			defaultConfigurationIsVisible = 0;
			defaultConfigurationName = Release;
		};
/* End XCConfigurationList section */
	};
	rootObject = A50EE32B2378103C00C1D7B2 /* Project object */;
}
